
Microsoft Visual Studio Solution File, Format Version 12.00
# Visual Studio Version 16
VisualStudioVersion = 16.0.31729.503
MinimumVisualStudioVersion = 10.0.40219.1
Project("{F184B08F-C81C-45F6-A57F-5ABD9991F28F}") = "Airline Management System", "Airline Management System Project\Airline Management System.vbproj", "{4D1CB2D0-BBA1-4296-A018-3DE86B6A5743}"
EndProject
Global
	GlobalSection(SolutionConfigurationPlatforms) = preSolution
		Debug|Any CPU = Debug|Any CPU
		Release|Any CPU = Release|Any CPU
	EndGlobalSection
	GlobalSection(ProjectConfigurationPlatforms) = postSolution
		{4D1CB2D0-BBA1-4296-A018-3DE86B6A5743}.Debug|Any CPU.ActiveCfg = Debug|Any CPU
		{4D1CB2D0-BBA1-4296-A018-3DE86B6A5743}.Debug|Any CPU.Build.0 = Debug|Any CPU
		{4D1CB2D0-BBA1-4296-A018-3DE86B6A5743}.Release|Any CPU.ActiveCfg = Release|Any CPU
		{4D1CB2D0-BBA1-4296-A018-3DE86B6A5743}.Release|Any CPU.Build.0 = Release|Any CPU
	EndGlobalSection
	GlobalSection(SolutionProperties) = preSolution
		HideSolutionNode = FALSE
	EndGlobalSection
	GlobalSection(ExtensibilityGlobals) = postSolution
		SolutionGuid = {67BF3CE1-7032-4183-AC19-92A229E0155B}
	EndGlobalSection
EndGlobal
